# This file is automatically @generated by Poetry 1.4.2 and should not be changed by hand.

[[package]]
name = "anyio"
version = "4.3.0"
description = "High level compatibility layer for multiple asynchronous event loop implementations"
category = "dev"
optional = false
python-versions = ">=3.8"
files = [
    {file = "anyio-4.3.0-py3-none-any.whl", hash = "sha256:048e05d0f6caeed70d731f3db756d35dcc1f35747c8c403364a8332c630441b8"},
    {file = "anyio-4.3.0.tar.gz", hash = "sha256:f75253795a87df48568485fd18cdd2a3fa5c4f7c5be8e5e36637733fce06fed6"},
]

[package.dependencies]
exceptiongroup = {version = ">=1.0.2", markers = "python_version < \"3.11\""}
idna = ">=2.8"
sniffio = ">=1.1"
typing-extensions = {version = ">=4.1", markers = "python_version < \"3.11\""}

[package.extras]
doc = ["Sphinx (>=7)", "packaging", "sphinx-autodoc-typehints (>=1.2.0)", "sphinx-rtd-theme"]
test = ["anyio[trio]", "coverage[toml] (>=7)", "exceptiongroup (>=1.2.0)", "hypothesis (>=4.0)", "psutil (>=5.9)", "pytest (>=7.0)", "pytest-mock (>=3.6.1)", "trustme", "uvloop (>=0.17)"]
trio = ["trio (>=0.23)"]

[[package]]
name = "certifi"
version = "2024.2.2"
description = "Python package for providing Mozilla's CA Bundle."
category = "dev"
optional = false
python-versions = ">=3.6"
files = [
    {file = "certifi-2024.2.2-py3-none-any.whl", hash = "sha256:dc383c07b76109f368f6106eee2b593b04a011ea4d55f652c6ca24a754d1cdd1"},
    {file = "certifi-2024.2.2.tar.gz", hash = "sha256:0569859f95fc761b18b45ef421b1290a0f65f147e92a1e5eb3e635f9a5e4e66f"},
]

[[package]]
name = "chardet"
version = "5.2.0"
description = "Universal encoding detector for Python 3"
category = "dev"
optional = false
python-versions = ">=3.7"
files = [
    {file = "chardet-5.2.0-py3-none-any.whl", hash = "sha256:e1cf59446890a00105fe7b7912492ea04b6e6f06d4b742b2c788469e34c82970"},
    {file = "chardet-5.2.0.tar.gz", hash = "sha256:1b3b6ff479a8c414bc3fa2c0852995695c4a026dcd6d0633b2dd092ca39c1cf7"},
]

[[package]]
name = "cocotb"
version = "1.8.1"
description = "cocotb is a coroutine based cosimulation library for writing VHDL and Verilog testbenches in Python."
category = "dev"
optional = false
python-versions = ">=3.6"
files = [
    {file = "cocotb-1.8.1-cp310-cp310-macosx_10_9_x86_64.whl", hash = "sha256:06ae2b2d899095ee4fd4f9604e0fd3706102ef681659f8dc68e4faf6d990d89f"},
    {file = "cocotb-1.8.1-cp310-cp310-manylinux_2_17_x86_64.manylinux2014_x86_64.whl", hash = "sha256:f8d642e1106750a519c015c651ec94a5d9008da0a29d39b2d073206bd60ce452"},
    {file = "cocotb-1.8.1-cp310-cp310-manylinux_2_5_i686.manylinux1_i686.manylinux_2_17_i686.manylinux2014_i686.whl", hash = "sha256:de9d329e747048ae8d9c08794cc2ee48850b13c387d647227ff76ac2df184fcb"},
    {file = "cocotb-1.8.1-cp310-cp310-win32.whl", hash = "sha256:87cb47d81d6c55f64662512dda8088e5f430740a42feaa67f7b8e10bd249c02c"},
    {file = "cocotb-1.8.1-cp310-cp310-win_amd64.whl", hash = "sha256:8b0643be8b1dee02453233a40ad94919f5781bcb08893689c99b9c7ab08695f3"},
    {file = "cocotb-1.8.1-cp311-cp311-macosx_10_9_x86_64.whl", hash = "sha256:708cb6fcb2ee00fe80bd45a03f2a202980d2b563dcb064c2f3c904c84e87e2b1"},
    {file = "cocotb-1.8.1-cp311-cp311-manylinux_2_17_x86_64.manylinux2014_x86_64.whl", hash = "sha256:4a6d3d824c746410da8f294c34dcca820f1350c1639cafb4b6394844a07f7371"},
    {file = "cocotb-1.8.1-cp311-cp311-manylinux_2_5_i686.manylinux1_i686.manylinux_2_17_i686.manylinux2014_i686.whl", hash = "sha256:a3a9e442211691a3602dd8cce288e9b66f2bab220bc01d1b17e5f30db4a9622c"},
    {file = "cocotb-1.8.1-cp311-cp311-win32.whl", hash = "sha256:7d47c3aa3432575eb26f6783ef7832a6db873265fd40a89ade22599e59a784f6"},
    {file = "cocotb-1.8.1-cp311-cp311-win_amd64.whl", hash = "sha256:9ffebe392a4f0cb757ccea51d4902db9abc537e57b9151c5ecc8b4f898ec7817"},
    {file = "cocotb-1.8.1-cp312-cp312-macosx_10_9_x86_64.whl", hash = "sha256:9d70978a5c587fc26c66c3f0e8a5bc0545a70397cbfd15b342685fed38959fc1"},
    {file = "cocotb-1.8.1-cp312-cp312-manylinux_2_17_x86_64.manylinux2014_x86_64.whl", hash = "sha256:5692e56925de8d71ce8d379bd80a2e103fe0fba1e0c4c3b539b10eafe22fb6c1"},
    {file = "cocotb-1.8.1-cp312-cp312-manylinux_2_5_i686.manylinux1_i686.manylinux_2_17_i686.manylinux2014_i686.whl", hash = "sha256:4cbfb462315b12f157381c388f3ab5a074c0293e54852f8851152bf295bf6807"},
    {file = "cocotb-1.8.1-cp312-cp312-win32.whl", hash = "sha256:ac5fa8f47613c1487156d20fb09d4679566572922971ea922ec5acec38629fa9"},
    {file = "cocotb-1.8.1-cp312-cp312-win_amd64.whl", hash = "sha256:b9e7a09d0f76115f02d9c957110d5970e759c2bc8d1d5a448716ed3a67a66367"},
    {file = "cocotb-1.8.1-cp36-cp36m-macosx_10_9_x86_64.whl", hash = "sha256:34da6f570c584434e34fe98f1b03cd394c2e43302c85a5510c6aebc5bffd679a"},
    {file = "cocotb-1.8.1-cp36-cp36m-manylinux_2_5_i686.manylinux1_i686.whl", hash = "sha256:4f8f7401f107e04fb5f1c1bbb6a4434d11fff4bfe6871bea8a822b3ec91e7885"},
    {file = "cocotb-1.8.1-cp36-cp36m-manylinux_2_5_x86_64.manylinux1_x86_64.whl", hash = "sha256:2343642030caf03b707eb7ee665de3adcffab08c5884b40c363ae042e1aad3d4"},
    {file = "cocotb-1.8.1-cp36-cp36m-win32.whl", hash = "sha256:ab136393aa5776a9a6f25d94af62dd947791482d325516072288668741be934b"},
    {file = "cocotb-1.8.1-cp36-cp36m-win_amd64.whl", hash = "sha256:1d3af65372ed044f27b69039325bf018738685e59be928fb4efde0c0e86b1ba0"},
    {file = "cocotb-1.8.1-cp37-cp37m-macosx_10_9_x86_64.whl", hash = "sha256:e8d9525a92312d8271fc612c98ce027d285c3f93925f63908c4e9af72a9ba5eb"},
    {file = "cocotb-1.8.1-cp37-cp37m-manylinux_2_17_x86_64.manylinux2014_x86_64.whl", hash = "sha256:bfa07a47e6b0654ed65e06b37b93316cc3afb7d9b52fe5c07579edd10bdb6281"},
    {file = "cocotb-1.8.1-cp37-cp37m-manylinux_2_5_i686.manylinux1_i686.manylinux_2_17_i686.manylinux2014_i686.whl", hash = "sha256:298f4e3c0eafda1964112d050cf08827f5aa3c3759960bef1cdce1c57ce645d4"},
    {file = "cocotb-1.8.1-cp37-cp37m-win32.whl", hash = "sha256:174209743e2743a4c1adb885bb212bb40447464a54388cae360225cb4353499b"},
    {file = "cocotb-1.8.1-cp37-cp37m-win_amd64.whl", hash = "sha256:71a6a2e39596fe6f2094cc3d4fc35621a6c1e74ca70dc868973a71c6f77f3bdb"},
    {file = "cocotb-1.8.1-cp38-cp38-macosx_10_9_x86_64.whl", hash = "sha256:f3a6f6f0fa5914c491d22d5796f15b5d0b152f76c071fecb3665af60b471bbe7"},
    {file = "cocotb-1.8.1-cp38-cp38-manylinux_2_17_x86_64.manylinux2014_x86_64.whl", hash = "sha256:1196ba5f341c4e6752e4db71e99932499980a907ec264387d75c6f37d3e09ab6"},
    {file = "cocotb-1.8.1-cp38-cp38-manylinux_2_5_i686.manylinux1_i686.manylinux_2_17_i686.manylinux2014_i686.whl", hash = "sha256:b1ba54da9217b2231d58a380b19f5bc749f6b1d1b21460bc0951d0c1317a2f5d"},
    {file = "cocotb-1.8.1-cp38-cp38-win32.whl", hash = "sha256:032569407d22b55a1d7acb07b1be12e2010e332c49d2c04404707d10d892cc27"},
    {file = "cocotb-1.8.1-cp38-cp38-win_amd64.whl", hash = "sha256:b70d8c803c7215bd54249e53b2591b484346420168dd1cafdb2e0d27e214db11"},
    {file = "cocotb-1.8.1-cp39-cp39-macosx_10_9_x86_64.whl", hash = "sha256:cbe760f6a0869140a7fa2124c295e2a4299300f0f839017e6b43ab4490bbc522"},
    {file = "cocotb-1.8.1-cp39-cp39-manylinux_2_17_x86_64.manylinux2014_x86_64.whl", hash = "sha256:d2a05df85a5259654d2c10cc0ac8ad877b6ca986fb559a911a9207bcdbc887fd"},
    {file = "cocotb-1.8.1-cp39-cp39-manylinux_2_5_i686.manylinux1_i686.manylinux_2_17_i686.manylinux2014_i686.whl", hash = "sha256:59cb5e35533b28301e1ff1858aabe1d6bac4305536d5fc40edb188dfda42e0ae"},
    {file = "cocotb-1.8.1-cp39-cp39-win32.whl", hash = "sha256:2824f26d15713056de44507017f88189419cf7b68252cedbdbed272ee753917f"},
    {file = "cocotb-1.8.1-cp39-cp39-win_amd64.whl", hash = "sha256:797044b85d5efc56bad7ff789f1811990e67de22fbec614ac37009a9aa608ce5"},
    {file = "cocotb-1.8.1.tar.gz", hash = "sha256:1499dbe0d4d10676bc9b234861e1df171a7f02aca6b696b5fadf01fe61e3a4f6"},
]

[package.dependencies]
find-libpython = "*"

[package.extras]
bus = ["cocotb-bus"]

[[package]]
name = "cocotb-test"
version = "0.2.5"
description = ""
category = "dev"
optional = false
python-versions = ">=3.7"
files = [
    {file = "cocotb-test-0.2.5.tar.gz", hash = "sha256:0f19d9cfc1b7f64fe25394ff5a5d5f788f2d5b4f04b0a742f1330c4b6ebf1343"},
]

[package.dependencies]
cocotb = ">=1.5"
find_libpython = "*"
pytest = "*"

[[package]]
name = "colorama"
version = "0.4.6"
description = "Cross-platform colored terminal text."
category = "dev"
optional = false
python-versions = "!=3.0.*,!=3.1.*,!=3.2.*,!=3.3.*,!=3.4.*,!=3.5.*,!=3.6.*,>=2.7"
files = [
    {file = "colorama-0.4.6-py2.py3-none-any.whl", hash = "sha256:4f1d9991f5acc0ca119f9d443620b77f9d6b33703e51011c16baf57afb285fc6"},
    {file = "colorama-0.4.6.tar.gz", hash = "sha256:08695f5cb7ed6e0531a20572697297273c47b8cae5a63ffc6d6ed5c201be6e44"},
]

[[package]]
name = "dataproperty"
version = "1.0.1"
description = "Python library for extract property from data."
category = "dev"
optional = false
python-versions = ">=3.7"
files = [
    {file = "DataProperty-1.0.1-py3-none-any.whl", hash = "sha256:0b8b07d4fb6453fcf975b53d35dea41f3cfd69c9d79b5010c3cf224ff0407a7a"},
    {file = "DataProperty-1.0.1.tar.gz", hash = "sha256:723e5729fa6e885e127a771a983ee1e0e34bb141aca4ffe1f0bfa7cde34650a4"},
]

[package.dependencies]
mbstrdecoder = ">=1.0.0,<2"
typepy = {version = ">=1.2.0,<2", extras = ["datetime"]}

[package.extras]
logging = ["loguru (>=0.4.1,<1)"]
test = ["pytest (>=6.0.1)", "pytest-md-report (>=0.3)", "tcolorpy (>=0.1.2)"]

[[package]]
name = "exceptiongroup"
version = "1.2.0"
description = "Backport of PEP 654 (exception groups)"
category = "dev"
optional = false
python-versions = ">=3.7"
files = [
    {file = "exceptiongroup-1.2.0-py3-none-any.whl", hash = "sha256:4bfd3996ac73b41e9b9628b04e079f193850720ea5945fc96a08633c66912f14"},
    {file = "exceptiongroup-1.2.0.tar.gz", hash = "sha256:91f5c769735f051a4290d52edd0858999b57e5876e9f85937691bd4c9fa3ed68"},
]

[package.extras]
test = ["pytest (>=6)"]

[[package]]
name = "execnet"
version = "2.0.2"
description = "execnet: rapid multi-Python deployment"
category = "dev"
optional = false
python-versions = ">=3.7"
files = [
    {file = "execnet-2.0.2-py3-none-any.whl", hash = "sha256:88256416ae766bc9e8895c76a87928c0012183da3cc4fc18016e6f050e025f41"},
    {file = "execnet-2.0.2.tar.gz", hash = "sha256:cc59bc4423742fd71ad227122eb0dd44db51efb3dc4095b45ac9a08c770096af"},
]

[package.extras]
testing = ["hatch", "pre-commit", "pytest", "tox"]

[[package]]
name = "find-libpython"
version = "0.3.1"
description = "Finds the libpython associated with your environment, wherever it may be hiding"
category = "dev"
optional = false
python-versions = "*"
files = [
    {file = "find_libpython-0.3.1-py3-none-any.whl", hash = "sha256:f63c2c05b9c6077bfafa5c7b283547b918a54c17fd930ceead487d1f220ff9cb"},
    {file = "find_libpython-0.3.1.tar.gz", hash = "sha256:4dd75e54c0828cfa8e97287565d2499a6bd6216140afdf251c87a456e8e52cd3"},
]

[[package]]
name = "h11"
version = "0.14.0"
description = "A pure-Python, bring-your-own-I/O implementation of HTTP/1.1"
category = "dev"
optional = false
python-versions = ">=3.7"
files = [
    {file = "h11-0.14.0-py3-none-any.whl", hash = "sha256:e3fe4ac4b851c468cc8363d500db52c2ead036020723024a109d37346efaa761"},
    {file = "h11-0.14.0.tar.gz", hash = "sha256:8f19fbbe99e72420ff35c00b27a34cb9937e902a8b810e2c88300c6f0a3b699d"},
]

[[package]]
name = "hdlconvertor-binary"
version = "2.3"
description = "VHDL and System Verilog parser written in c++"
category = "main"
optional = false
python-versions = "*"
files = [
    {file = "hdlConvertor-binary-2.3.tar.gz", hash = "sha256:1f6131f76dbf1bc18d5847fe96b8033a5bb14219ebb2eb50b9bec1f3c62df97b"},
    {file = "hdlConvertor_binary-2.3-cp310-cp310-manylinux_2_31_x86_64.whl", hash = "sha256:d3c66d2f26bde2a6d92bc209c7e42b16168fc25493c86d61d58f050691845def"},
    {file = "hdlConvertor_binary-2.3-cp311-cp311-manylinux_2_31_x86_64.whl", hash = "sha256:e80870720fdc831a44342f8878f0d9d8b991b782ac9ea1020ca074044b0f6a33"},
    {file = "hdlConvertor_binary-2.3-cp312-cp312-manylinux_2_31_x86_64.whl", hash = "sha256:d68d2d2f314c366fe5d47dac55447945a7da3ef9e8873ba1b13dfd107497d9e6"},
    {file = "hdlConvertor_binary-2.3-cp38-cp38-manylinux_2_31_x86_64.whl", hash = "sha256:3dd437bc872053ea7d704b86a55623ce7a0bad40e123164962a2bc8929e64363"},
    {file = "hdlConvertor_binary-2.3-cp39-cp39-manylinux_2_31_x86_64.whl", hash = "sha256:bb3f66aeefe2735d64806e292129a9376399832b968b2f1186a90da61c08cd71"},
]

[package.dependencies]
hdlConvertorAst = ">=1.0"

[[package]]
name = "hdlconvertorast"
version = "1.2"
description = "A library of AST nodes for HDL languages (Verilog, VHDL, ...) and transpiler/compiler utilities"
category = "main"
optional = false
python-versions = "*"
files = [
    {file = "hdlConvertorAst-1.2-py3-none-any.whl", hash = "sha256:0becf07c665b399bfdde0cc10559dc061e1278a817ec28262d3512281f58b4b3"},
    {file = "hdlConvertorAst-1.2.tar.gz", hash = "sha256:7dcf79871f529c891ead74f47a6ad4ddf1d6f058ea1a4faa7644eee2cf4ec0ec"},
]

[[package]]
name = "httpcore"
version = "1.0.4"
description = "A minimal low-level HTTP client."
category = "dev"
optional = false
python-versions = ">=3.8"
files = [
    {file = "httpcore-1.0.4-py3-none-any.whl", hash = "sha256:ac418c1db41bade2ad53ae2f3834a3a0f5ae76b56cf5aa497d2d033384fc7d73"},
    {file = "httpcore-1.0.4.tar.gz", hash = "sha256:cb2839ccfcba0d2d3c1131d3c3e26dfc327326fbe7a5dc0dbfe9f6c9151bb022"},
]

[package.dependencies]
certifi = "*"
h11 = ">=0.13,<0.15"

[package.extras]
asyncio = ["anyio (>=4.0,<5.0)"]
http2 = ["h2 (>=3,<5)"]
socks = ["socksio (>=1.0.0,<2.0.0)"]
trio = ["trio (>=0.22.0,<0.25.0)"]

[[package]]
name = "httpx"
version = "0.27.0"
description = "The next generation HTTP client."
category = "dev"
optional = false
python-versions = ">=3.8"
files = [
    {file = "httpx-0.27.0-py3-none-any.whl", hash = "sha256:71d5465162c13681bff01ad59b2cc68dd838ea1f10e51574bac27103f00c91a5"},
    {file = "httpx-0.27.0.tar.gz", hash = "sha256:a0cb88a46f32dc874e04ee956e4c2764aba2aa228f650b06788ba6bda2962ab5"},
]

[package.dependencies]
anyio = "*"
certifi = "*"
httpcore = ">=1.0.0,<2.0.0"
idna = "*"
sniffio = "*"

[package.extras]
brotli = ["brotli", "brotlicffi"]
cli = ["click (>=8.0.0,<9.0.0)", "pygments (>=2.0.0,<3.0.0)", "rich (>=10,<14)"]
http2 = ["h2 (>=3,<5)"]
socks = ["socksio (>=1.0.0,<2.0.0)"]

[[package]]
name = "idna"
version = "3.6"
description = "Internationalized Domain Names in Applications (IDNA)"
category = "dev"
optional = false
python-versions = ">=3.5"
files = [
    {file = "idna-3.6-py3-none-any.whl", hash = "sha256:c05567e9c24a6b9faaa835c4821bad0590fbb9d5779e7caa6e1cc4978e7eb24f"},
    {file = "idna-3.6.tar.gz", hash = "sha256:9ecdbbd083b06798ae1e86adcbfe8ab1479cf864e4ee30fe4e46a003d12491ca"},
]

[[package]]
name = "iniconfig"
version = "2.0.0"
description = "brain-dead simple config-ini parsing"
category = "dev"
optional = false
python-versions = ">=3.7"
files = [
    {file = "iniconfig-2.0.0-py3-none-any.whl", hash = "sha256:b6a85871a79d2e3b22d2d1b94ac2824226a63c6b741c88f7ae975f18b6778374"},
    {file = "iniconfig-2.0.0.tar.gz", hash = "sha256:2d91e135bf72d31a410b17c16da610a82cb55f6b0477d1a902134b24a455b8b3"},
]

[[package]]
name = "magia-flow"
version = "0.1.0"
description = "Design flow integration and automation with Magia"
category = "dev"
optional = false
python-versions = ">=3.9,<4.0"
files = [
    {file = "magia_flow-0.1.0-py3-none-any.whl", hash = "sha256:f040af2db04c84bfab8c3e9102ef0ab7a6b4094440c11c80dc2a20f9708babd2"},
    {file = "magia_flow-0.1.0.tar.gz", hash = "sha256:61d7925be31d1fec18a5066f0541b2f57cb08668fdb5597ca48bbec5c0f13780"},
]

[package.dependencies]
httpx = "*"
magia-hdl = ">=0.5,<0.6"

[[package]]
name = "mbstrdecoder"
version = "1.1.3"
description = "mbstrdecoder is a Python library for multi-byte character string decoder"
category = "dev"
optional = false
python-versions = ">=3.7"
files = [
    {file = "mbstrdecoder-1.1.3-py3-none-any.whl", hash = "sha256:d66c1ed3f2dc4e7c5d87cd44a75be10bc5af4250f95b38bbaedd7851308ce938"},
    {file = "mbstrdecoder-1.1.3.tar.gz", hash = "sha256:dcfd2c759322eb44fe193a9e0b1b86c5b87f3ec5ea8e1bb43b3e9ae423f1e8fe"},
]

[package.dependencies]
chardet = ">=3.0.4,<6"

[package.extras]
test = ["Faker (>=1.0.2)", "pytest (>=6.0.1)", "pytest-md-report (>=0.1)"]

[[package]]
name = "packaging"
version = "23.2"
description = "Core utilities for Python packages"
category = "dev"
optional = false
python-versions = ">=3.7"
files = [
    {file = "packaging-23.2-py3-none-any.whl", hash = "sha256:8c491190033a9af7e1d931d0b5dacc2ef47509b34dd0de67ed209b5203fc88c7"},
    {file = "packaging-23.2.tar.gz", hash = "sha256:048fb0e9405036518eaaf48a55953c750c11e1a1b68e0dd1a9d62ed0c092cfc5"},
]

[[package]]
name = "pathvalidate"
version = "3.2.0"
description = "pathvalidate is a Python library to sanitize/validate a string such as filenames/file-paths/etc."
category = "dev"
optional = false
python-versions = ">=3.7"
files = [
    {file = "pathvalidate-3.2.0-py3-none-any.whl", hash = "sha256:cc593caa6299b22b37f228148257997e2fa850eea2daf7e4cc9205cef6908dee"},
    {file = "pathvalidate-3.2.0.tar.gz", hash = "sha256:5e8378cf6712bff67fbe7a8307d99fa8c1a0cb28aa477056f8fc374f0dff24ad"},
]

[package.extras]
docs = ["Sphinx (>=2.4)", "sphinx-rtd-theme (>=1.2.2)", "urllib3 (<2)"]
test = ["Faker (>=1.0.8)", "allpairspy (>=2)", "click (>=6.2)", "pytest (>=6.0.1)", "pytest-discord (>=0.1.4)", "pytest-md-report (>=0.4.1)"]

[[package]]
name = "pluggy"
version = "1.4.0"
description = "plugin and hook calling mechanisms for python"
category = "dev"
optional = false
python-versions = ">=3.8"
files = [
    {file = "pluggy-1.4.0-py3-none-any.whl", hash = "sha256:7db9f7b503d67d1c5b95f59773ebb58a8c1c288129a88665838012cfb07b8981"},
    {file = "pluggy-1.4.0.tar.gz", hash = "sha256:8c85c2876142a764e5b7548e7d9a0e0ddb46f5185161049a79b7e974454223be"},
]

[package.extras]
dev = ["pre-commit", "tox"]
testing = ["pytest", "pytest-benchmark"]

[[package]]
name = "pytablewriter"
version = "1.2.0"
description = "pytablewriter is a Python library to write a table in various formats: AsciiDoc / CSV / Elasticsearch / HTML / JavaScript / JSON / LaTeX / LDJSON / LTSV / Markdown / MediaWiki / NumPy / Excel / Pandas / Python / reStructuredText / SQLite / TOML / TSV / YAML."
category = "dev"
optional = false
python-versions = ">=3.7"
files = [
    {file = "pytablewriter-1.2.0-py3-none-any.whl", hash = "sha256:4a30e2bb4bf5bc1069b1d2b2bc41947577c4517ab0875b23a5b194d296f543d8"},
    {file = "pytablewriter-1.2.0.tar.gz", hash = "sha256:0204a4bb684a22140d640f2599f09e137bcdc18b3dd49426f4a555016e246b46"},
]

[package.dependencies]
DataProperty = ">=1.0.1,<2"
mbstrdecoder = ">=1.0.0,<2"
pathvalidate = ">=2.3.0,<4"
setuptools = ">=38.3.0"
tabledata = ">=1.3.1,<2"
tcolorpy = ">=0.0.5,<1"
typepy = {version = ">=1.3.2,<2", extras = ["datetime"]}

[package.extras]
all = ["PyYAML (>=3.11,<7)", "SimpleSQLite (>=1.3.2,<2)", "XlsxWriter (>=0.9.6,<4)", "dominate (>=2.1.5,<3)", "elasticsearch (>=8.0.1,<9)", "loguru (>=0.4.1,<1)", "pandas (>=0.25.3,<3)", "pytablereader (>=0.31.3,<2)", "pytablewriter-altcol-theme (>=0.1.0,<1)", "pytablewriter-altrow-theme (>=0.2.0,<1)", "simplejson (>=3.8.1,<4)", "toml (>=0.9.3,<1)", "xlwt"]
docs = ["PyYAML (>=3.11,<7)", "SimpleSQLite (>=1.3.2,<2)", "Sphinx (>=2.4)", "XlsxWriter (>=0.9.6,<4)", "dominate (>=2.1.5,<3)", "elasticsearch (>=8.0.1,<9)", "loguru (>=0.4.1,<1)", "pandas (>=0.25.3,<3)", "pytablereader (>=0.31.3,<2)", "pytablewriter-altcol-theme (>=0.1.0,<1)", "pytablewriter-altrow-theme (>=0.2.0,<1)", "simplejson (>=3.8.1,<4)", "sphinx-rtd-theme (>=1.2.2)", "toml (>=0.9.3,<1)", "xlwt"]
es = ["elasticsearch (>=8.0.1,<9)"]
es8 = ["elasticsearch (>=8.0.1,<9)"]
excel = ["XlsxWriter (>=0.9.6,<4)", "xlwt"]
from = ["pytablereader (>=0.31.3,<2)"]
html = ["dominate (>=2.1.5,<3)"]
logging = ["loguru (>=0.4.1,<1)"]
pandas = ["pandas (>=0.25.3,<3)"]
sqlite = ["SimpleSQLite (>=1.3.2,<2)"]
test = ["PyYAML (>=3.11,<7)", "SimpleSQLite (>=1.3.2,<2)", "XlsxWriter (>=0.9.6,<4)", "beautifulsoup4 (>=4.10)", "dominate (>=2.1.5,<3)", "elasticsearch (>=8.0.1,<9)", "loguru (>=0.4.1,<1)", "pandas (>=0.25.3,<3)", "pytablereader (>=0.31.3,<2)", "pytablereader[excel,sqlite] (>=0.31.3)", "pytablewriter-altcol-theme (>=0.1.0,<1)", "pytablewriter-altrow-theme (>=0.2.0,<1)", "pytest (>=6.0.1)", "pytest-md-report (>=0.4.1)", "simplejson (>=3.8.1,<4)", "sqliteschema (>=1.3.0)", "tablib (>=3.2.0)", "toml (>=0.9.3,<1)", "xlwt"]
theme = ["pytablewriter-altcol-theme (>=0.1.0,<1)", "pytablewriter-altrow-theme (>=0.2.0,<1)"]
toml = ["toml (>=0.9.3,<1)"]
yaml = ["PyYAML (>=3.11,<7)"]

[[package]]
name = "pytest"
version = "8.0.2"
description = "pytest: simple powerful testing with Python"
category = "dev"
optional = false
python-versions = ">=3.8"
files = [
    {file = "pytest-8.0.2-py3-none-any.whl", hash = "sha256:edfaaef32ce5172d5466b5127b42e0d6d35ebbe4453f0e3505d96afd93f6b096"},
    {file = "pytest-8.0.2.tar.gz", hash = "sha256:d4051d623a2e0b7e51960ba963193b09ce6daeb9759a451844a21e4ddedfc1bd"},
]

[package.dependencies]
colorama = {version = "*", markers = "sys_platform == \"win32\""}
exceptiongroup = {version = ">=1.0.0rc8", markers = "python_version < \"3.11\""}
iniconfig = "*"
packaging = "*"
pluggy = ">=1.3.0,<2.0"
tomli = {version = ">=1.0.0", markers = "python_version < \"3.11\""}

[package.extras]
testing = ["argcomplete", "attrs (>=19.2.0)", "hypothesis (>=3.56)", "mock", "nose", "pygments (>=2.7.2)", "requests", "setuptools", "xmlschema"]

[[package]]
name = "pytest-github-report"
version = "0.0.1"
description = "Generate a GitHub report using pytest in GitHub Workflows"
category = "dev"
optional = false
python-versions = "*"
files = [
    {file = "pytest-github-report-0.0.1.tar.gz", hash = "sha256:5745c3d2ff4c06ca2ef5f043b9c924497d39dc9749e076aa2b5774afb74d8059"},
]

[package.dependencies]
pytablewriter = "*"
pytest = "*"

[package.extras]
all = ["pytablewriter", "pytest"]

[[package]]
name = "pytest-xdist"
version = "3.5.0"
description = "pytest xdist plugin for distributed testing, most importantly across multiple CPUs"
category = "dev"
optional = false
python-versions = ">=3.7"
files = [
    {file = "pytest-xdist-3.5.0.tar.gz", hash = "sha256:cbb36f3d67e0c478baa57fa4edc8843887e0f6cfc42d677530a36d7472b32d8a"},
    {file = "pytest_xdist-3.5.0-py3-none-any.whl", hash = "sha256:d075629c7e00b611df89f490a5063944bee7a4362a5ff11c7cc7824a03dfce24"},
]

[package.dependencies]
execnet = ">=1.1"
pytest = ">=6.2.0"

[package.extras]
psutil = ["psutil (>=3.0)"]
setproctitle = ["setproctitle"]
testing = ["filelock"]

[[package]]
name = "python-dateutil"
version = "2.8.2"
description = "Extensions to the standard Python datetime module"
category = "dev"
optional = false
python-versions = "!=3.0.*,!=3.1.*,!=3.2.*,>=2.7"
files = [
    {file = "python-dateutil-2.8.2.tar.gz", hash = "sha256:0123cacc1627ae19ddf3c27a5de5bd67ee4586fbdd6440d9748f8abb483d3e86"},
    {file = "python_dateutil-2.8.2-py2.py3-none-any.whl", hash = "sha256:961d03dc3453ebbc59dbdea9e4e11c5651520a876d0f4db161e8674aae935da9"},
]

[package.dependencies]
six = ">=1.5"

[[package]]
name = "pytz"
version = "2024.1"
description = "World timezone definitions, modern and historical"
category = "dev"
optional = false
python-versions = "*"
files = [
    {file = "pytz-2024.1-py2.py3-none-any.whl", hash = "sha256:328171f4e3623139da4983451950b28e95ac706e13f3f2630a879749e7a8b319"},
    {file = "pytz-2024.1.tar.gz", hash = "sha256:2a29735ea9c18baf14b448846bde5a48030ed267578472d8955cd0e7443a9812"},
]

[[package]]
name = "ruff"
version = "0.2.2"
description = "An extremely fast Python linter and code formatter, written in Rust."
category = "dev"
optional = false
python-versions = ">=3.7"
files = [
    {file = "ruff-0.2.2-py3-none-macosx_10_12_x86_64.macosx_11_0_arm64.macosx_10_12_universal2.whl", hash = "sha256:0a9efb032855ffb3c21f6405751d5e147b0c6b631e3ca3f6b20f917572b97eb6"},
    {file = "ruff-0.2.2-py3-none-macosx_10_12_x86_64.whl", hash = "sha256:d450b7fbff85913f866a5384d8912710936e2b96da74541c82c1b458472ddb39"},
    {file = "ruff-0.2.2-py3-none-manylinux_2_17_aarch64.manylinux2014_aarch64.whl", hash = "sha256:ecd46e3106850a5c26aee114e562c329f9a1fbe9e4821b008c4404f64ff9ce73"},
    {file = "ruff-0.2.2-py3-none-manylinux_2_17_armv7l.manylinux2014_armv7l.whl", hash = "sha256:5e22676a5b875bd72acd3d11d5fa9075d3a5f53b877fe7b4793e4673499318ba"},
    {file = "ruff-0.2.2-py3-none-manylinux_2_17_i686.manylinux2014_i686.whl", hash = "sha256:1695700d1e25a99d28f7a1636d85bafcc5030bba9d0578c0781ba1790dbcf51c"},
    {file = "ruff-0.2.2-py3-none-manylinux_2_17_ppc64.manylinux2014_ppc64.whl", hash = "sha256:b0c232af3d0bd8f521806223723456ffebf8e323bd1e4e82b0befb20ba18388e"},
    {file = "ruff-0.2.2-py3-none-manylinux_2_17_ppc64le.manylinux2014_ppc64le.whl", hash = "sha256:f63d96494eeec2fc70d909393bcd76c69f35334cdbd9e20d089fb3f0640216ca"},
    {file = "ruff-0.2.2-py3-none-manylinux_2_17_s390x.manylinux2014_s390x.whl", hash = "sha256:6a61ea0ff048e06de273b2e45bd72629f470f5da8f71daf09fe481278b175001"},
    {file = "ruff-0.2.2-py3-none-manylinux_2_17_x86_64.manylinux2014_x86_64.whl", hash = "sha256:5e1439c8f407e4f356470e54cdecdca1bd5439a0673792dbe34a2b0a551a2fe3"},
    {file = "ruff-0.2.2-py3-none-musllinux_1_2_aarch64.whl", hash = "sha256:940de32dc8853eba0f67f7198b3e79bc6ba95c2edbfdfac2144c8235114d6726"},
    {file = "ruff-0.2.2-py3-none-musllinux_1_2_armv7l.whl", hash = "sha256:0c126da55c38dd917621552ab430213bdb3273bb10ddb67bc4b761989210eb6e"},
    {file = "ruff-0.2.2-py3-none-musllinux_1_2_i686.whl", hash = "sha256:3b65494f7e4bed2e74110dac1f0d17dc8e1f42faaa784e7c58a98e335ec83d7e"},
    {file = "ruff-0.2.2-py3-none-musllinux_1_2_x86_64.whl", hash = "sha256:1ec49be4fe6ddac0503833f3ed8930528e26d1e60ad35c2446da372d16651ce9"},
    {file = "ruff-0.2.2-py3-none-win32.whl", hash = "sha256:d920499b576f6c68295bc04e7b17b6544d9d05f196bb3aac4358792ef6f34325"},
    {file = "ruff-0.2.2-py3-none-win_amd64.whl", hash = "sha256:cc9a91ae137d687f43a44c900e5d95e9617cb37d4c989e462980ba27039d239d"},
    {file = "ruff-0.2.2-py3-none-win_arm64.whl", hash = "sha256:c9d15fc41e6054bfc7200478720570078f0b41c9ae4f010bcc16bd6f4d1aacdd"},
    {file = "ruff-0.2.2.tar.gz", hash = "sha256:e62ed7f36b3068a30ba39193a14274cd706bc486fad521276458022f7bccb31d"},
]

[[package]]
name = "setuptools"
version = "69.1.1"
description = "Easily download, build, install, upgrade, and uninstall Python packages"
category = "dev"
optional = false
python-versions = ">=3.8"
files = [
    {file = "setuptools-69.1.1-py3-none-any.whl", hash = "sha256:02fa291a0471b3a18b2b2481ed902af520c69e8ae0919c13da936542754b4c56"},
    {file = "setuptools-69.1.1.tar.gz", hash = "sha256:5c0806c7d9af348e6dd3777b4f4dbb42c7ad85b190104837488eab9a7c945cf8"},
]

[package.extras]
docs = ["furo", "jaraco.packaging (>=9.3)", "jaraco.tidelift (>=1.4)", "pygments-github-lexers (==0.0.5)", "rst.linker (>=1.9)", "sphinx (<7.2.5)", "sphinx (>=3.5)", "sphinx-favicon", "sphinx-inline-tabs", "sphinx-lint", "sphinx-notfound-page (>=1,<2)", "sphinx-reredirects", "sphinxcontrib-towncrier"]
testing = ["build[virtualenv]", "filelock (>=3.4.0)", "flake8-2020", "ini2toml[lite] (>=0.9)", "jaraco.develop (>=7.21)", "jaraco.envs (>=2.2)", "jaraco.path (>=3.2.0)", "packaging (>=23.2)", "pip (>=19.1)", "pytest (>=6)", "pytest-checkdocs (>=2.4)", "pytest-cov", "pytest-enabler (>=2.2)", "pytest-home (>=0.5)", "pytest-mypy (>=0.9.1)", "pytest-perf", "pytest-ruff (>=0.2.1)", "pytest-timeout", "pytest-xdist", "tomli-w (>=1.0.0)", "virtualenv (>=13.0.0)", "wheel"]
testing-integration = ["build[virtualenv] (>=1.0.3)", "filelock (>=3.4.0)", "jaraco.envs (>=2.2)", "jaraco.path (>=3.2.0)", "packaging (>=23.2)", "pytest", "pytest-enabler", "pytest-xdist", "tomli", "virtualenv (>=13.0.0)", "wheel"]

[[package]]
name = "six"
version = "1.16.0"
description = "Python 2 and 3 compatibility utilities"
category = "dev"
optional = false
python-versions = ">=2.7, !=3.0.*, !=3.1.*, !=3.2.*"
files = [
    {file = "six-1.16.0-py2.py3-none-any.whl", hash = "sha256:8abb2f1d86890a2dfb989f9a77cfcfd3e47c2a354b01111771326f8aa26e0254"},
    {file = "six-1.16.0.tar.gz", hash = "sha256:1e61c37477a1626458e36f7b1d82aa5c9b094fa4802892072e49de9c60c4c926"},
]

[[package]]
name = "sniffio"
version = "1.3.1"
description = "Sniff out which async library your code is running under"
category = "dev"
optional = false
python-versions = ">=3.7"
files = [
    {file = "sniffio-1.3.1-py3-none-any.whl", hash = "sha256:2f6da418d1f1e0fddd844478f41680e794e6051915791a034ff65e5f100525a2"},
    {file = "sniffio-1.3.1.tar.gz", hash = "sha256:f4324edc670a0f49750a81b895f35c3adb843cca46f0530f79fc1babb23789dc"},
]

[[package]]
name = "tabledata"
version = "1.3.3"
description = "tabledata is a Python library to represent tabular data. Used for pytablewriter/pytablereader/SimpleSQLite/etc."
category = "dev"
optional = false
python-versions = ">=3.7"
files = [
    {file = "tabledata-1.3.3-py3-none-any.whl", hash = "sha256:4abad1c996d8607e23b045b44dc0c5f061668f3c37585302c5f6c84c93a89962"},
    {file = "tabledata-1.3.3.tar.gz", hash = "sha256:c90daaba9a408e4397934b3ff2f6c06797d5289676420bf520c741ad43e6ff91"},
]

[package.dependencies]
DataProperty = ">=1.0.1,<2"
typepy = ">=1.2.0,<2"

[package.extras]
logging = ["loguru (>=0.4.1,<1)"]
test = ["pytablewriter (>=0.46)", "pytest"]

[[package]]
name = "tcolorpy"
version = "0.1.4"
description = "tcolopy is a Python library to apply true color for terminal text."
category = "dev"
optional = false
python-versions = ">=3.7"
files = [
    {file = "tcolorpy-0.1.4-py3-none-any.whl", hash = "sha256:d0926480aa5012f34877d69fc3b670f207dc165674e68ad07458fa6ee5b12724"},
    {file = "tcolorpy-0.1.4.tar.gz", hash = "sha256:f0dceb1cb95e554cee63024b3cd2fd8d4628c568773de2d1e6b4f0478461901c"},
]

[package.extras]
test = ["pytest (>=6.0.1)", "pytest-md-report (>=0.4.1)"]

[[package]]
name = "tomli"
version = "2.0.1"
description = "A lil' TOML parser"
category = "dev"
optional = false
python-versions = ">=3.7"
files = [
    {file = "tomli-2.0.1-py3-none-any.whl", hash = "sha256:939de3e7a6161af0c887ef91b7d41a53e7c5a1ca976325f429cb46ea9bc30ecc"},
    {file = "tomli-2.0.1.tar.gz", hash = "sha256:de526c12914f0c550d15924c62d72abc48d6fe7364aa87328337a31007fe8a4f"},
]

[[package]]
name = "typepy"
version = "1.3.2"
description = "typepy is a Python library for variable type checker/validator/converter at a run time."
category = "dev"
optional = false
python-versions = ">=3.7"
files = [
    {file = "typepy-1.3.2-py3-none-any.whl", hash = "sha256:d5d1022a424132622993800f1d2cd16cfdb691ac4e3b9c325f0fcb37799db1ae"},
    {file = "typepy-1.3.2.tar.gz", hash = "sha256:b69fd48b9f50cdb3809906eef36b855b3134ff66c8893a4f8580abddb0b39517"},
]

[package.dependencies]
mbstrdecoder = ">=1.0.0,<2"
packaging = {version = "*", optional = true, markers = "extra == \"datetime\""}
python-dateutil = {version = ">=2.8.0,<3.0.0", optional = true, markers = "extra == \"datetime\""}
pytz = {version = ">=2018.9", optional = true, markers = "extra == \"datetime\""}

[package.extras]
datetime = ["packaging", "python-dateutil (>=2.8.0,<3.0.0)", "pytz (>=2018.9)"]
test = ["packaging", "pytest (>=6.0.1)", "python-dateutil (>=2.8.0,<3.0.0)", "pytz (>=2018.9)", "tcolorpy"]

[[package]]
name = "typing-extensions"
version = "4.10.0"
description = "Backported and Experimental Type Hints for Python 3.8+"
category = "dev"
optional = false
python-versions = ">=3.8"
files = [
    {file = "typing_extensions-4.10.0-py3-none-any.whl", hash = "sha256:69b1a937c3a517342112fb4c6df7e72fc39a38e7891a5730ed4985b5214b5475"},
    {file = "typing_extensions-4.10.0.tar.gz", hash = "sha256:b0abd7c89e8fb96f98db18d86106ff1d90ab692004eb746cf6eda2682f91b3cb"},
]

[extras]
full = ["hdlConvertor-binary"]

[metadata]
lock-version = "2.0"
python-versions = "^3.9"
content-hash = "16732e2c1cf9011c052458131ab655a5777262046271aa596c8670bca18e3891"
